// !$*UTF8*$!
{
	archiveVersion = 1;
	classes = {
	};
	objectVersion = 77;
	objects = {

/* Begin PBXContainerItemProxy section */
		F935BE0A2F8ABFD500AC504C /* PBXContainerItemProxy */ = {
			isa = PBXContainerItemProxy;
			containerPortal = F935BDF22F8ABFD400AC504C /* Project object */;
			proxyType = 1;
			remoteGlobalIDString = F935BDF92F8ABFD400AC504C;
			remoteInfo = SnapKeeper;
		};
		F935BE142F8ABFD500AC504C /* PBXContainerItemProxy */ = {
			isa = PBXContainerItemProxy;
			containerPortal = F935BDF22F8ABFD400AC504C /* Project object */;
			proxyType = 1;
			remoteGlobalIDString = F935BDF92F8ABFD400AC504C;
			remoteInfo = SnapKeeper;
		};
/* End PBXContainerItemProxy section */

/* Begin PBXFileReference section */
		F935BDFA2F8ABFD400AC504C /* SnapKeeper.app */ = {isa = PBXFileReference; explicitFileType = wrapper.application; includeInIndex = 0; path = SnapKeeper.app; sourceTree = BUILT_PRODUCTS_DIR; };
		F935BE092F8ABFD500AC504C /* SnapKeeperTests.xctest */ = {isa = PBXFileReference; explicitFileType = wrapper.cfbundle; includeInIndex = 0; path = SnapKeeperTests.xctest; sourceTree = BUILT_PRODUCTS_DIR; };
		F935BE132F8ABFD500AC504C /* SnapKeeperUITests.xctest */ = {isa = PBXFileReference; explicitFileType = wrapper.cfbundle; includeInIndex = 0; path = SnapKeeperUITests.xctest; sourceTree = BUILT_PRODUCTS_DIR; };
/* End PBXFileReference section */

/* Begin PBXFileSystemSynchronizedRootGroup section */
		F935BDFC2F8ABFD400AC504C /* SnapKeeper */ = {
			isa = PBXFileSystemSynchronizedRootGroup;
			path = SnapKeeper;
			sourceTree = "<group>";
		};
		F935BE0C2F8ABFD500AC504C /* SnapKeeperTests */ = {
			isa = PBXFileSystemSynchronizedRootGroup;
			path = SnapKeeperTests;
			sourceTree = "<group>";
		};
		F935BE162F8ABFD500AC504C /* SnapKeeperUITests */ = {
			isa = PBXFileSystemSynchronizedRootGroup;
			path = SnapKeeperUITests;
			sourceTree = "<group>";
		};
/* End PBXFileSystemSynchronizedRootGroup section */

/* Begin PBXFrameworksBuildPhase section */
		F935BDF72F8ABFD400AC504C /* Frameworks */ = {
			isa = PBXFrameworksBuildPhase;
			buildActionMask = 2147483647;
			files = (
			);
			runOnlyForDeploymentPostprocessing = 0;
		};
		F935BE062F8ABFD500AC504C /* Frameworks */ = {
			isa = PBXFrameworksBuildPhase;
			buildActionMask = 2147483647;
			files = (
			);
			runOnlyForDeploymentPostprocessing = 0;
		};
		F935BE102F8ABFD500AC504C /* Frameworks */ = {
			isa = PBXFrameworksBuildPhase;
			buildActionMask = 2147483647;
			files = (
			);
			runOnlyForDeploymentPostprocessing = 0;
		};
/* End PBXFrameworksBuildPhase section */

/* Begin PBXGroup section */
		F935BDF12F8ABFD400AC504C = {
			isa = PBXGroup;
			children = (
				F935BDFC2F8ABFD400AC504C /* SnapKeeper */,
				F935BE0C2F8ABFD500AC504C /* SnapKeeperTests */,
				F935BE162F8ABFD500AC504C /* SnapKeeperUITests */,
				F935BDFB2F8ABFD400AC504C /* Products */,
			);
			sourceTree = "<group>";
		};
		F935BDFB2F8ABFD400AC504C /* Products */ = {
			isa = PBXGroup;
			children = (
				F935BDFA2F8ABFD400AC504C /* SnapKeeper.app */,
				F935BE092F8ABFD500AC504C /* SnapKeeperTests.xctest */,
				F935BE132F8ABFD500AC504C /* SnapKeeperUITests.xctest */,
			);
			name = Products;
			sourceTree = "<group>";
		};
/* End PBXGroup section */

/* Begin PBXNativeTarget section */
		F935BDF92F8ABFD400AC504C /* SnapKeeper */ = {
			isa = PBXNativeTarget;
			buildConfigurationList = F935BE1D2F8ABFD500AC504C /* Build configuration list for PBXNativeTarget "SnapKeeper" */;
			buildPhases = (
				F935BDF62F8ABFD400AC504C /* Sources */,
				F935BDF72F8ABFD400AC504C /* Frameworks */,
				F935BDF82F8ABFD400AC504C /* Resources */,
			);
			buildRules = (
			);
			dependencies = (
			);
			fileSystemSynchronizedGroups = (
				F935BDFC2F8ABFD400AC504C /* SnapKeeper */,
			);
			name = SnapKeeper;
			packageProductDependencies = (
			);
			productName = SnapKeeper;
			productReference = F935BDFA2F8ABFD400AC504C /* SnapKeeper.app */;
			productType = "com.apple.product-type.application";
		};
		F935BE082F8ABFD500AC504C /* SnapKeeperTests */ = {
			isa = PBXNativeTarget;
			buildConfigurationList = F935BE202F8ABFD500AC504C /* Build configuration list for PBXNativeTarget "SnapKeeperTests" */;
			buildPhases = (
				F935BE052F8ABFD500AC504C /* Sources */,
				F935BE062F8ABFD500AC504C /* Frameworks */,
				F935BE072F8ABFD500AC504C /* Resources */,
			);
			buildRules = (
			);
			dependencies = (
				F935BE0B2F8ABFD500AC504C /* PBXTargetDependency */,
			);
			fileSystemSynchronizedGroups = (
				F935BE0C2F8ABFD500AC504C /* SnapKeeperTests */,
			);
			name = SnapKeeperTests;
			packageProductDependencies = (
			);
			productName = SnapKeeperTests;
			productReference = F935BE092F8ABFD500AC504C /* SnapKeeperTests.xctest */;
			productType = "com.apple.product-type.bundle.unit-test";
		};
		F935BE122F8ABFD500AC504C /* SnapKeeperUITests */ = {
			isa = PBXNativeTarget;
			buildConfigurationList = F935BE232F8ABFD500AC504C /* Build configuration list for PBXNativeTarget "SnapKeeperUITests" */;
			buildPhases = (
				F935BE0F2F8ABFD500AC504C /* Sources */,
				F935BE102F8ABFD500AC504C /* Frameworks */,
				F935BE112F8ABFD500AC504C /* Resources */,
			);
			buildRules = (
			);
			dependencies = (
				F935BE152F8ABFD500AC504C /* PBXTargetDependency */,
			);
			fileSystemSynchronizedGroups = (
				F935BE162F8ABFD500AC504C /* SnapKeeperUITests */,
			);
			name = SnapKeeperUITests;
			packageProductDependencies = (
			);
			productName = SnapKeeperUITests;
			productReference = F935BE132F8ABFD500AC504C /* SnapKeeperUITests.xctest */;
			productType = "com.apple.product-type.bundle.ui-testing";
		};
/* End PBXNativeTarget section */

/* Begin PBXProject section */
		F935BDF22F8ABFD400AC504C /* Project object */ = {
			isa = PBXProject;
			attributes = {
				BuildIndependentTargetsInParallel = 1;
				LastSwiftUpdateCheck = 2630;
				LastUpgradeCheck = 2630;
				TargetAttributes = {
					F935BDF92F8ABFD400AC504C = {
						CreatedOnToolsVersion = 26.3;
					};
					F935BE082F8ABFD500AC504C = {
						CreatedOnToolsVersion = 26.3;
						TestTargetID = F935BDF92F8ABFD400AC504C;
					};
					F935BE122F8ABFD500AC504C = {
						CreatedOnToolsVersion = 26.3;
						TestTargetID = F935BDF92F8ABFD400AC504C;
					};
				};
			};
			buildConfigurationList = F935BDF52F8ABFD400AC504C /* Build configuration list for PBXProject "SnapKeeper" */;
			developmentRegion = en;
			hasScannedForEncodings = 0;
			knownRegions = (
				en,
				Base,
			);
			mainGroup = F935BDF12F8ABFD400AC504C;
			minimizedProjectReferenceProxies = 1;
			preferredProjectObjectVersion = 77;
			productRefGroup = F935BDFB2F8ABFD400AC504C /* Products */;
			projectDirPath = "";
			projectRoot = "";
			targets = (
				F935BDF92F8ABFD400AC504C /* SnapKeeper */,
				F935BE082F8ABFD500AC504C /* SnapKeeperTests */,
				F935BE122F8ABFD500AC504C /* SnapKeeperUITests */,
			);
		};
/* End PBXProject section */

/* Begin PBXResourcesBuildPhase section */
		F935BDF82F8ABFD400AC504C /* Resources */ = {
			isa = PBXResourcesBuildPhase;
			buildActionMask = 2147483647;
			files = (
			);
			runOnlyForDeploymentPostprocessing = 0;
		};
		F935BE072F8ABFD500AC504C /* Resources */ = {
			isa = PBXResourcesBuildPhase;
			buildActionMask = 2147483647;
			files = (
			);
			runOnlyForDeploymentPostprocessing = 0;
		};
		F935BE112F8ABFD500AC504C /* Resources */ = {
			isa = PBXResourcesBuildPhase;
			buildActionMask = 2147483647;
			files = (
			);
			runOnlyForDeploymentPostprocessing = 0;
		};
/* End PBXResourcesBuildPhase section */

/* Begin PBXSourcesBuildPhase section */
		F935BDF62F8ABFD400AC504C /* Sources */ = {
			isa = PBXSourcesBuildPhase;
			buildActionMask = 2147483647;
			files = (
			);
			runOnlyForDeploymentPostprocessing = 0;
		};
		F935BE052F8ABFD500AC504C /* Sources */ = {
			isa = PBXSourcesBuildPhase;
			buildActionMask = 2147483647;
			files = (
			);
			runOnlyForDeploymentPostprocessing = 0;
		};
		F935BE0F2F8ABFD500AC504C /* Sources */ = {
			isa = PBXSourcesBuildPhase;
			buildActionMask = 2147483647;
			files = (
			);
			runOnlyForDeploymentPostprocessing = 0;
		};
/* End PBXSourcesBuildPhase section */

/* Begin PBXTargetDependency section */
		F935BE0B2F8ABFD500AC504C /* PBXTargetDependency */ = {
			isa = PBXTargetDependency;
			target = F935BDF92F8ABFD400AC504C /* SnapKeeper */;
			targetProxy = F935BE0A2F8ABFD500AC504C /* PBXContainerItemProxy */;
		};
		F935BE152F8ABFD500AC504C /* PBXTargetDependency */ = {
			isa = PBXTargetDependency;
			target = F935BDF92F8ABFD400AC504C /* SnapKeeper */;
			targetProxy = F935BE142F8ABFD500AC504C /* PBXContainerItemProxy */;
		};
/* End PBXTargetDependency section */

/* Begin XCBuildConfiguration section */
		F935BE1B2F8ABFD500AC504C /* Debug */ = {
			isa = XCBuildConfiguration;
			buildSettings = {
				ALWAYS_SEARCH_USER_PATHS = NO;
				ASSETCATALOG_COMPILER_GENERATE_SWIFT_ASSET_SYMBOL_EXTENSIONS = YES;
				CLANG_ANALYZER_NONNULL = YES;
				CLANG_ANALYZER_NUMBER_OBJECT_CONVERSION = YES_AGGRESSIVE;
				CLANG_CXX_LANGUAGE_STANDARD = "gnu++20";
				CLANG_ENABLE_MODULES = YES;
				CLANG_ENABLE_OBJC_ARC = YES;
				CLANG_ENABLE_OBJC_WEAK = YES;
				CLANG_WARN_BLOCK_CAPTURE_AUTORELEASING = YES;
				CLANG_WARN_BOOL_CONVERSION = YES;
				CLANG_WARN_COMMA = YES;
				CLANG_WARN_CONSTANT_CONVERSION = YES;
				CLANG_WARN_DEPRECATED_OBJC_IMPLEMENTATIONS = YES;
				CLANG_WARN_DIRECT_OBJC_ISA_USAGE = YES_ERROR;
				CLANG_WARN_DOCUMENTATION_COMMENTS = YES;
				CLANG_WARN_EMPTY_BODY = YES;
				CLANG_WARN_ENUM_CONVERSION = YES;
				CLANG_WARN_INFINITE_RECURSION = YES;
				CLANG_WARN_INT_CONVERSION = YES;
				CLANG_WARN_NON_LITERAL_NULL_CONVERSION = YES;
				CLANG_WARN_OBJC_IMPLICIT_RETAIN_SELF = YES;
				CLANG_WARN_OBJC_LITERAL_CONVERSION = YES;
				CLANG_WARN_OBJC_ROOT_CLASS = YES_ERROR;
				CLANG_WARN_QUOTED_INCLUDE_IN_FRAMEWORK_HEADER = YES;
				CLANG_WARN_RANGE_LOOP_ANALYSIS = YES;
				CLANG_WARN_STRICT_PROTOTYPES = YES;
				CLANG_WARN_SUSPICIOUS_MOVE = YES;
				CLANG_WARN_UNGUARDED_AVAILABILITY = YES_AGGRESSIVE;
				CLANG_WARN_UNREACHABLE_CODE = YES;
				CLANG_WARN__DUPLICATE_METHOD_MATCH = YES;
				COPY_PHASE_STRIP = NO;
				DEBUG_INFORMATION_FORMAT = dwarf;
				DEVELOPMENT_TEAM = VXNWQ9H93X;
				ENABLE_STRICT_OBJC_MSGSEND = YES;
				ENABLE_TESTABILITY = YES;
				ENABLE_USER_SCRIPT_SANDBOXING = YES;
				GCC_C_LANGUAGE_STANDARD = gnu17;
				GCC_DYNAMIC_NO_PIC = NO;
				GCC_NO_COMMON_BLOCKS = YES;
				GCC_OPTIMIZATION_LEVEL = 0;
				GCC_PREPROCESSOR_DEFINITIONS = (
					"DEBUG=1",
					"$(inherited)",
				);
				GCC_WARN_64_TO_32_BIT_CONVERSION = YES;
				GCC_WARN_ABOUT_RETURN_TYPE = YES_ERROR;
				GCC_WARN_UNDECLARED_SELECTOR = YES;
				GCC_WARN_UNINITIALIZED_AUTOS = YES_AGGRESSIVE;
				GCC_WARN_UNUSED_FUNCTION = YES;
				GCC_WARN_UNUSED_VARIABLE = YES;
				LOCALIZATION_PREFERS_STRING_CATALOGS = YES;
				MACOSX_DEPLOYMENT_TARGET = 15.7;
				MTL_ENABLE_DEBUG_INFO = INCLUDE_SOURCE;
				MTL_FAST_MATH = YES;
				ONLY_ACTIVE_ARCH = YES;
				SDKROOT = macosx;
				SWIFT_ACTIVE_COMPILATION_CONDITIONS = "DEBUG $(inherited)";
				SWIFT_OPTIMIZATION_LEVEL = "-Onone";
			};
			name = Debug;
		};
		F935BE1C2F8ABFD500AC504C /* Release */ = {
			isa = XCBuildConfiguration;
			buildSettings = {
				ALWAYS_SEARCH_USER_PATHS = NO;
				ASSETCATALOG_COMPILER_GENERATE_SWIFT_ASSET_SYMBOL_EXTENSIONS = YES;
				CLANG_ANALYZER_NONNULL = YES;
				CLANG_ANALYZER_NUMBER_OBJECT_CONVERSION = YES_AGGRESSIVE;
				CLANG_CXX_LANGUAGE_STANDARD = "gnu++20";
				CLANG_ENABLE_MODULES = YES;
				CLANG_ENABLE_OBJC_ARC = YES;
				CLANG_ENABLE_OBJC_WEAK = YES;
				CLANG_WARN_BLOCK_CAPTURE_AUTORELEASING = YES;
				CLANG_WARN_BOOL_CONVERSION = YES;
				CLANG_WARN_COMMA = YES;
				CLANG_WARN_CONSTANT_CONVERSION = YES;
				CLANG_WARN_DEPRECATED_OBJC_IMPLEMENTATIONS = YES;
				CLANG_WARN_DIRECT_OBJC_ISA_USAGE = YES_ERROR;
				CLANG_WARN_DOCUMENTATION_COMMENTS = YES;
				CLANG_WARN_EMPTY_BODY = YES;
				CLANG_WARN_ENUM_CONVERSION = YES;
				CLANG_WARN_INFINITE_RECURSION = YES;
				CLANG_WARN_INT_CONVERSION = YES;
				CLANG_WARN_NON_LITERAL_NULL_CONVERSION = YES;
				CLANG_WARN_OBJC_IMPLICIT_RETAIN_SELF = YES;
				CLANG_WARN_OBJC_LITERAL_CONVERSION = YES;
				CLANG_WARN_OBJC_ROOT_CLASS = YES_ERROR;
				CLANG_WARN_QUOTED_INCLUDE_IN_FRAMEWORK_HEADER = YES;
				CLANG_WARN_RANGE_LOOP_ANALYSIS = YES;
				CLANG_WARN_STRICT_PROTOTYPES = YES;
				CLANG_WARN_SUSPICIOUS_MOVE = YES;
				CLANG_WARN_UNGUARDED_AVAILABILITY = YES_AGGRESSIVE;
				CLANG_WARN_UNREACHABLE_CODE = YES;
				CLANG_WARN__DUPLICATE_METHOD_MATCH = YES;
				COPY_PHASE_STRIP = NO;
				DEBUG_INFORMATION_FORMAT = "dwarf-with-dsym";
				DEVELOPMENT_TEAM = VXNWQ9H93X;
				ENABLE_NS_ASSERTIONS = NO;
				ENABLE_STRICT_OBJC_MSGSEND = YES;
				ENABLE_USER_SCRIPT_SANDBOXING = YES;
				GCC_C_LANGUAGE_STANDARD = gnu17;
				GCC_NO_COMMON_BLOCKS = YES;
				GCC_WARN_64_TO_32_BIT_CONVERSION = YES;
				GCC_WARN_ABOUT_RETURN_TYPE = YES_ERROR;
				GCC_WARN_UNDECLARED_SELECTOR = YES;
				GCC_WARN_UNINITIALIZED_AUTOS = YES_AGGRESSIVE;
				GCC_WARN_UNUSED_FUNCTION = YES;
				GCC_WARN_UNUSED_VARIABLE = YES;
				LOCALIZATION_PREFERS_STRING_CATALOGS = YES;
				MACOSX_DEPLOYMENT_TARGET = 15.7;
				MTL_ENABLE_DEBUG_INFO = NO;
				MTL_FAST_MATH = YES;
				SDKROOT = macosx;
				SWIFT_COMPILATION_MODE = wholemodule;
			};
			name = Release;
		};
		F935BE1E2F8ABFD500AC504C /* Debug */ = {
			isa = XCBuildConfiguration;
			buildSettings = {
				ASSETCATALOG_COMPILER_APPICON_NAME = AppIcon;
				ASSETCATALOG_COMPILER_GLOBAL_ACCENT_COLOR_NAME = AccentColor;
				CODE_SIGN_STYLE = Automatic;
				COMBINE_HIDPI_IMAGES = YES;
				CURRENT_PROJECT_VERSION = 1;
				DEVELOPMENT_TEAM = VXNWQ9H93X;
				ENABLE_APP_SANDBOX = YES;
				ENABLE_HARDENED_RUNTIME = YES;
				ENABLE_PREVIEWS = YES;
				ENABLE_USER_SELECTED_FILES = readonly;
				GENERATE_INFOPLIST_FILE = YES;
				INFOPLIST_KEY_CFBundleDisplayName = SnapKeeper;
				INFOPLIST_KEY_LSApplicationCategoryType = "public.app-category.productivity";
				INFOPLIST_KEY_NSHumanReadableCopyright = "";
				LD_RUNPATH_SEARCH_PATHS = (
					"$(inherited)",
					"@executable_path/../Frameworks",
				);
				MARKETING_VERSION = 1.0;
				PRODUCT_BUNDLE_IDENTIFIER = com.scaleninja.SnapKeeper;
				PRODUCT_NAME = "$(TARGET_NAME)";
				REGISTER_APP_GROUPS = YES;
				STRING_CATALOG_GENERATE_SYMBOLS = YES;
				SWIFT_APPROACHABLE_CONCURRENCY = YES;
				SWIFT_DEFAULT_ACTOR_ISOLATION = MainActor;
				SWIFT_EMIT_LOC_STRINGS = YES;
				SWIFT_UPCOMING_FEATURE_MEMBER_IMPORT_VISIBILITY = YES;
				SWIFT_VERSION = 5.0;
			};
			name = Debug;
		};
		F935BE1F2F8ABFD500AC504C /* Release */ = {
			isa = XCBuildConfiguration;
			buildSettings = {
				ASSETCATALOG_COMPILER_APPICON_NAME = AppIcon;
				ASSETCATALOG_COMPILER_GLOBAL_ACCENT_COLOR_NAME = AccentColor;
				CODE_SIGN_STYLE = Automatic;
				COMBINE_HIDPI_IMAGES = YES;
				CURRENT_PROJECT_VERSION = 1;
				DEVELOPMENT_TEAM = VXNWQ9H93X;
				ENABLE_APP_SANDBOX = YES;
				ENABLE_HARDENED_RUNTIME = YES;
				ENABLE_PREVIEWS = YES;
				ENABLE_USER_SELECTED_FILES = readonly;
				GENERATE_INFOPLIST_FILE = YES;
				INFOPLIST_KEY_CFBundleDisplayName = SnapKeeper;
				INFOPLIST_KEY_LSApplicationCategoryType = "public.app-category.productivity";
				INFOPLIST_KEY_NSHumanReadableCopyright = "";
				LD_RUNPATH_SEARCH_PATHS = (
					"$(inherited)",
					"@executable_path/../Frameworks",
				);
				MARKETING_VERSION = 1.0;
				PRODUCT_BUNDLE_IDENTIFIER = com.scaleninja.SnapKeeper;
				PRODUCT_NAME = "$(TARGET_NAME)";
				REGISTER_APP_GROUPS = YES;
				STRING_CATALOG_GENERATE_SYMBOLS = YES;
				SWIFT_APPROACHABLE_CONCURRENCY = YES;
				SWIFT_DEFAULT_ACTOR_ISOLATION = MainActor;
				SWIFT_EMIT_LOC_STRINGS = YES;
				SWIFT_UPCOMING_FEATURE_MEMBER_IMPORT_VISIBILITY = YES;
				SWIFT_VERSION = 5.0;
			};
			name = Release;
		};
		F935BE212F8ABFD500AC504C /* Debug */ = {
			isa = XCBuildConfiguration;
			buildSettings = {
				BUNDLE_LOADER = "$(TEST_HOST)";
				CODE_SIGN_STYLE = Automatic;
				CURRENT_PROJECT_VERSION = 1;
				DEVELOPMENT_TEAM = VXNWQ9H93X;
				GENERATE_INFOPLIST_FILE = YES;
				MACOSX_DEPLOYMENT_TARGET = 15.7;
				MARKETING_VERSION = 1.0;
				PRODUCT_BUNDLE_IDENTIFIER = com.scaleninja.SnapKeeperTests;
				PRODUCT_NAME = "$(TARGET_NAME)";
				STRING_CATALOG_GENERATE_SYMBOLS = NO;
				SWIFT_APPROACHABLE_CONCURRENCY = YES;
				SWIFT_EMIT_LOC_STRINGS = NO;
				SWIFT_UPCOMING_FEATURE_MEMBER_IMPORT_VISIBILITY = YES;
				SWIFT_VERSION = 5.0;
				TEST_HOST = "$(BUILT_PRODUCTS_DIR)/SnapKeeper.app/$(BUNDLE_EXECUTABLE_FOLDER_PATH)/SnapKeeper";
			};
			name = Debug;
		};
		F935BE222F8ABFD500AC504C /* Release */ = {
			isa = XCBuildConfiguration;
			buildSettings = {
				BUNDLE_LOADER = "$(TEST_HOST)";
				CODE_SIGN_STYLE = Automatic;
				CURRENT_PROJECT_VERSION = 1;
				DEVELOPMENT_TEAM = VXNWQ9H93X;
				GENERATE_INFOPLIST_FILE = YES;
				MACOSX_DEPLOYMENT_TARGET = 15.7;
				MARKETING_VERSION = 1.0;
				PRODUCT_BUNDLE_IDENTIFIER = com.scaleninja.SnapKeeperTests;
				PRODUCT_NAME = "$(TARGET_NAME)";
				STRING_CATALOG_GENERATE_SYMBOLS = NO;
				SWIFT_APPROACHABLE_CONCURRENCY = YES;
				SWIFT_EMIT_LOC_STRINGS = NO;
				SWIFT_UPCOMING_FEATURE_MEMBER_IMPORT_VISIBILITY = YES;
				SWIFT_VERSION = 5.0;
				TEST_HOST = "$(BUILT_PRODUCTS_DIR)/SnapKeeper.app/$(BUNDLE_EXECUTABLE_FOLDER_PATH)/SnapKeeper";
			};
			name = Release;
		};
		F935BE242F8ABFD500AC504C /* Debug */ = {
			isa = XCBuildConfiguration;
			buildSettings = {
				CODE_SIGN_STYLE = Automatic;
				CURRENT_PROJECT_VERSION = 1;
				DEVELOPMENT_TEAM = VXNWQ9H93X;
				GENERATE_INFOPLIST_FILE = YES;
				MARKETING_VERSION = 1.0;
				PRODUCT_BUNDLE_IDENTIFIER = com.scaleninja.SnapKeeperUITests;
				PRODUCT_NAME = "$(TARGET_NAME)";
				STRING_CATALOG_GENERATE_SYMBOLS = NO;
				SWIFT_APPROACHABLE_CONCURRENCY = YES;
				SWIFT_EMIT_LOC_STRINGS = NO;
				SWIFT_UPCOMING_FEATURE_MEMBER_IMPORT_VISIBILITY = YES;
				SWIFT_VERSION = 5.0;
				TEST_TARGET_NAME = SnapKeeper;
			};
			name = Debug;
		};
		F935BE252F8ABFD500AC504C /* Release */ = {
			isa = XCBuildConfiguration;
			buildSettings = {
				CODE_SIGN_STYLE = Automatic;
				CURRENT_PROJECT_VERSION = 1;
				DEVELOPMENT_TEAM = VXNWQ9H93X;
				GENERATE_INFOPLIST_FILE = YES;
				MARKETING_VERSION = 1.0;
				PRODUCT_BUNDLE_IDENTIFIER = com.scaleninja.SnapKeeperUITests;
				PRODUCT_NAME = "$(TARGET_NAME)";
				STRING_CATALOG_GENERATE_SYMBOLS = NO;
				SWIFT_APPROACHABLE_CONCURRENCY = YES;
				SWIFT_EMIT_LOC_STRINGS = NO;
				SWIFT_UPCOMING_FEATURE_MEMBER_IMPORT_VISIBILITY = YES;
				SWIFT_VERSION = 5.0;
				TEST_TARGET_NAME = SnapKeeper;
			};
			name = Release;
		};
/* End XCBuildConfiguration section */

/* Begin XCConfigurationList section */
		F935BDF52F8ABFD400AC504C /* Build configuration list for PBXProject "SnapKeeper" */ = {
			isa = XCConfigurationList;
			buildConfigurations = (
				F935BE1B2F8ABFD500AC504C /* Debug */,
				F935BE1C2F8ABFD500AC504C /* Release */,
			);
			defaultConfigurationIsVisible = 0;
			defaultConfigurationName = Release;
		};
		F935BE1D2F8ABFD500AC504C /* Build configuration list for PBXNativeTarget "SnapKeeper" */ = {
			isa = XCConfigurationList;
			buildConfigurations = (
				F935BE1E2F8ABFD500AC504C /* Debug */,
				F935BE1F2F8ABFD500AC504C /* Release */,
			);
			defaultConfigurationIsVisible = 0;
			defaultConfigurationName = Release;
		};
		F935BE202F8ABFD500AC504C /* Build configuration list for PBXNativeTarget "SnapKeeperTests" */ = {
			isa = XCConfigurationList;
			buildConfigurations = (
				F935BE212F8ABFD500AC504C /* Debug */,
				F935BE222F8ABFD500AC504C /* Release */,
			);
			defaultConfigurationIsVisible = 0;
			defaultConfigurationName = Release;
		};
		F935BE232F8ABFD500AC504C /* Build configuration list for PBXNativeTarget "SnapKeeperUITests" */ = {
			isa = XCConfigurationList;
			buildConfigurations = (
				F935BE242F8ABFD500AC504C /* Debug */,
				F935BE252F8ABFD500AC504C /* Release */,
			);
			defaultConfigurationIsVisible = 0;
			defaultConfigurationName = Release;
		};
/* End XCConfigurationList section */
	};
	rootObject = F935BDF22F8ABFD400AC504C /* Project object */;
}
